
Microsoft Visual Studio Solution File, Format Version 12.00
# Visual Studio Version 17
VisualStudioVersion = 17.9.34728.123
MinimumVisualStudioVersion = 10.0.40219.1
Project("{9A19103F-16F7-4668-BE54-9A1E7A4F7556}") = "BookBrowser", "BookBrowser.csproj", "{970B2DD0-5C98-41F4-B04A-CC4F314C8742}"
EndProject
Global
	GlobalSection(SolutionConfigurationPlatforms) = preSolution
		Debug|Any CPU = Debug|Any CPU
		Release|Any CPU = Release|Any CPU
	EndGlobalSection
	GlobalSection(ProjectConfigurationPlatforms) = postSolution
		{970B2DD0-5C98-41F4-B04A-CC4F314C8742}.Debug|Any CPU.ActiveCfg = Debug|Any CPU
		{970B2DD0-5C98-41F4-B04A-CC4F314C8742}.Debug|Any CPU.Build.0 = Debug|Any CPU
		{970B2DD0-5C98-41F4-B04A-CC4F314C8742}.Release|Any CPU.ActiveCfg = Release|Any CPU
		{970B2DD0-5C98-41F4-B04A-CC4F314C8742}.Release|Any CPU.Build.0 = Release|Any CPU
	EndGlobalSection
	GlobalSection(SolutionProperties) = preSolution
		HideSolutionNode = FALSE
	EndGlobalSection
	GlobalSection(ExtensibilityGlobals) = postSolution
		SolutionGuid = {2FEB4719-ED89-45D5-8476-DD0EDB7E2594}
	EndGlobalSection
EndGlobal
